{
    "requires": true,
    "lockfileVersion": 1,
    "dependencies": {
        "@mystroken/drag": {
            "version": "0.2.0",
            "resolved": "https://registry.npmjs.org/@mystroken/drag/-/drag-0.2.0.tgz",
            "integrity": "sha512-jvlK+EUtCRpTeUTnIn2WB9Dc4zB1GorcuX1/LsmoXgYTJ/vk6FCSVDsIbC2oAb8Qwrh4IVq+EasB+CsVHXHSRQ=="
        }
    }
}
